
Microsoft Visual Studio Solution File, Format Version 12.00
# Visual Studio 15
VisualStudioVersion = 15.0.28307.136
MinimumVisualStudioVersion = 10.0.40219.1
Project("{FAE04EC0-301F-11D3-BF4B-00C04F79EFBC}") = "BenQGuru.eMES.Web", "BenQuru.eMES.Web\BenQGuru.eMES.Web.csproj", "{C3CC5A9A-29F4-42F5-99EC-9D28C16B9D23}"
EndProject
Project("{FAE04EC0-301F-11D3-BF4B-00C04F79EFBC}") = "BenQGuru.eMES.Web.EntityFramework", "BenQGuru.eMES.Web.EntityFramework\BenQGuru.eMES.Web.EntityFramework.csproj", "{19EBBCA2-3F4E-4A97-A417-FF9B7F2AF504}"
EndProject
Project("{FAE04EC0-301F-11D3-BF4B-00C04F79EFBC}") = "BenQGuru.eMES.Web.Model", "BenQGuru.eMES.Web.Model\BenQGuru.eMES.Web.Model.csproj", "{B3B08EA9-B1CA-4D89-9551-D547E02835E3}"
EndProject
Project("{FAE04EC0-301F-11D3-BF4B-00C04F79EFBC}") = "BenQGuru.eMES.Web.BLL", "BenQGuru.eMES.Web.BLL\BenQGuru.eMES.Web.BLL.csproj", "{9A82ECF4-748B-49C6-970C-BB657C0D5055}"
EndProject
Project("{FAE04EC0-301F-11D3-BF4B-00C04F79EFBC}") = "BenQGuru.eMES.Web.DAL", "BenQGuru.eMES.Web.DAL\BenQGuru.eMES.Web.DAL.csproj", "{5A490288-5C6C-467A-AA35-A0704718C628}"
EndProject
Global
	GlobalSection(SolutionConfigurationPlatforms) = preSolution
		Debug|Any CPU = Debug|Any CPU
		Release|Any CPU = Release|Any CPU
	EndGlobalSection
	GlobalSection(ProjectConfigurationPlatforms) = postSolution
		{C3CC5A9A-29F4-42F5-99EC-9D28C16B9D23}.Debug|Any CPU.ActiveCfg = Debug|Any CPU
		{C3CC5A9A-29F4-42F5-99EC-9D28C16B9D23}.Debug|Any CPU.Build.0 = Debug|Any CPU
		{C3CC5A9A-29F4-42F5-99EC-9D28C16B9D23}.Release|Any CPU.ActiveCfg = Release|Any CPU
		{C3CC5A9A-29F4-42F5-99EC-9D28C16B9D23}.Release|Any CPU.Build.0 = Release|Any CPU
		{19EBBCA2-3F4E-4A97-A417-FF9B7F2AF504}.Debug|Any CPU.ActiveCfg = Debug|Any CPU
		{19EBBCA2-3F4E-4A97-A417-FF9B7F2AF504}.Debug|Any CPU.Build.0 = Debug|Any CPU
		{19EBBCA2-3F4E-4A97-A417-FF9B7F2AF504}.Release|Any CPU.ActiveCfg = Release|Any CPU
		{19EBBCA2-3F4E-4A97-A417-FF9B7F2AF504}.Release|Any CPU.Build.0 = Release|Any CPU
		{B3B08EA9-B1CA-4D89-9551-D547E02835E3}.Debug|Any CPU.ActiveCfg = Debug|Any CPU
		{B3B08EA9-B1CA-4D89-9551-D547E02835E3}.Debug|Any CPU.Build.0 = Debug|Any CPU
		{B3B08EA9-B1CA-4D89-9551-D547E02835E3}.Release|Any CPU.ActiveCfg = Release|Any CPU
		{B3B08EA9-B1CA-4D89-9551-D547E02835E3}.Release|Any CPU.Build.0 = Release|Any CPU
		{9A82ECF4-748B-49C6-970C-BB657C0D5055}.Debug|Any CPU.ActiveCfg = Debug|Any CPU
		{9A82ECF4-748B-49C6-970C-BB657C0D5055}.Debug|Any CPU.Build.0 = Debug|Any CPU
		{9A82ECF4-748B-49C6-970C-BB657C0D5055}.Release|Any CPU.ActiveCfg = Release|Any CPU
		{9A82ECF4-748B-49C6-970C-BB657C0D5055}.Release|Any CPU.Build.0 = Release|Any CPU
		{5A490288-5C6C-467A-AA35-A0704718C628}.Debug|Any CPU.ActiveCfg = Debug|Any CPU
		{5A490288-5C6C-467A-AA35-A0704718C628}.Debug|Any CPU.Build.0 = Debug|Any CPU
		{5A490288-5C6C-467A-AA35-A0704718C628}.Release|Any CPU.ActiveCfg = Release|Any CPU
		{5A490288-5C6C-467A-AA35-A0704718C628}.Release|Any CPU.Build.0 = Release|Any CPU
	EndGlobalSection
	GlobalSection(SolutionProperties) = preSolution
		HideSolutionNode = FALSE
	EndGlobalSection
	GlobalSection(ExtensibilityGlobals) = postSolution
		SolutionGuid = {8E6119D7-B426-4A88-8163-9B4BA5F2B9C8}
	EndGlobalSection
EndGlobal
